PODS:
  - CRBoxInputView (1.2.1):
    - Masonry
  - IQKeyboardManager (6.5.6)
  - LEEAlert (1.5.0)
  - LFKit/Component/LFPopupMenu (1.2.0)
  - Masonry (1.1.0)
  - MBProgressHUD (1.2.0)
  - MJExtension (3.3.0)
  - SAMKeychain (1.5.3)
  - SPPageMenu (3.5.0)
  - SVProgressHUD (2.2.5)
  - TXScrollLabelView (1.3.2)
  - TZImagePickerController (3.6.4)

DEPENDENCIES:
  - CRBoxInputView (= 1.2.1)
  - IQKeyboardManager
  - LEEAlert (~> 1.5.0)
  - LFKit/Component/LFPopupMenu
  - Masonry (~> 1.1.0)
  - MBProgressHUD (~> 1.2.0)
  - MJExtension (~> 3.3.0)
  - SAMKeychain (~> 1.5.3)
  - SPPageMenu (~> 3.5.0)
  - SVProgressHUD (~> 2.2.5)
  - TXScrollLabelView (~> 1.3.2)
  - TZImagePickerController (~> 3.6.0)

SPEC REPOS:
  https://mirrors.tuna.tsinghua.edu.cn/git/CocoaPods/Specs.git:
    - CRBoxInputView
    - IQKeyboardManager
    - LEEAlert
    - LFKit
    - Masonry
    - MBProgressHUD
    - MJExtension
    - SAMKeychain
    - SPPageMenu
    - SVProgressHUD
    - TXScrollLabelView
    - TZImagePickerController

SPEC CHECKSUMS:
  CRBoxInputView: d73a630e5326ee70487b4a56d09daebf915d82fd
  IQKeyboardManager: 2a6e97afdafc7becf0cb17a9a8d795e3a980717f
  LEEAlert: 0f5157d83ddb6515fa5b9c99b29b4fb1ccf9c38e
  LFKit: ad4817aba7b1593b7d0e29d31a80b2c5d0e5ad06
  Masonry: 678fab65091a9290e40e2832a55e7ab731aad201
  MBProgressHUD: 3ee5efcc380f6a79a7cc9b363dd669c5e1ae7406
  MJExtension: 01704cca2b60a214c10761b6491eab74069d68a9
  SAMKeychain: 483e1c9f32984d50ca961e26818a534283b4cd5c
  SPPageMenu: da182aafcec55719d5c326103cc7716c1e48f311
  SVProgressHUD: 1428aafac632c1f86f62aa4243ec12008d7a51d6
  TXScrollLabelView: 0e1650caf61198bf5dc0938ea6493254aeb80f90
  TZImagePickerController: 1cc39ec0454d6e94d0397418953164d7aa631719

PODFILE CHECKSUM: 9ee1697f603c8a88dbdbcfcbd0be593a8f05dd0e

COCOAPODS: 1.10.2
