// !$*UTF8*$!
{
	archiveVersion = 1;
	classes = {
	};
	objectVersion = 51;
	objects = {

/* Begin PBXBuildFile section */
		29946076272A379C009853CE /* HomeHeaderView.m in Sources */ = {isa = PBXBuildFile; fileRef = 29946075272A379C009853CE /* HomeHeaderView.m */; };
		2994607A272A3932009853CE /* HomeHeaderViewCell.m in Sources */ = {isa = PBXBuildFile; fileRef = 29946079272A3932009853CE /* HomeHeaderViewCell.m */; };
		2994607D272A50D3009853CE /* TabBarRootVC.m in Sources */ = {isa = PBXBuildFile; fileRef = 2994607C272A50D3009853CE /* TabBarRootVC.m */; };
		29946080272A50ED009853CE /* HomeVC.m in Sources */ = {isa = PBXBuildFile; fileRef = 2994607F272A50ED009853CE /* HomeVC.m */; };
		29946083272A5104009853CE /* TestVC.m in Sources */ = {isa = PBXBuildFile; fileRef = 29946082272A5104009853CE /* TestVC.m */; };
		2994608B272A83D2009853CE /* NavMenuModel.m in Sources */ = {isa = PBXBuildFile; fileRef = 2994608A272A83D2009853CE /* NavMenuModel.m */; };
		2994608E272A8676009853CE /* NavCustomViewCell.m in Sources */ = {isa = PBXBuildFile; fileRef = 2994608D272A8676009853CE /* NavCustomViewCell.m */; };
		2995F1CB2728095A0000D90D /* AppDelegate.m in Sources */ = {isa = PBXBuildFile; fileRef = 2995F1CA2728095A0000D90D /* AppDelegate.m */; };
		2995F1D12728095A0000D90D /* ViewController.m in Sources */ = {isa = PBXBuildFile; fileRef = 2995F1D02728095A0000D90D /* ViewController.m */; };
		2995F1D42728095A0000D90D /* Main.storyboard in Resources */ = {isa = PBXBuildFile; fileRef = 2995F1D22728095A0000D90D /* Main.storyboard */; };
		2995F1D62728095C0000D90D /* Assets.xcassets in Resources */ = {isa = PBXBuildFile; fileRef = 2995F1D52728095C0000D90D /* Assets.xcassets */; };
		2995F1D92728095C0000D90D /* LaunchScreen.storyboard in Resources */ = {isa = PBXBuildFile; fileRef = 2995F1D72728095C0000D90D /* LaunchScreen.storyboard */; };
		2995F1DC2728095C0000D90D /* main.m in Sources */ = {isa = PBXBuildFile; fileRef = 2995F1DB2728095C0000D90D /* main.m */; };
		2995F1EB27280E8C0000D90D /* KUIViewExt.m in Sources */ = {isa = PBXBuildFile; fileRef = 2995F1E627280E8B0000D90D /* KUIViewExt.m */; };
		2995F1EC27280E8C0000D90D /* KTools.m in Sources */ = {isa = PBXBuildFile; fileRef = 2995F1E727280E8B0000D90D /* KTools.m */; };
		2995F1ED27280E8C0000D90D /* KSelectView.m in Sources */ = {isa = PBXBuildFile; fileRef = 2995F1E927280E8B0000D90D /* KSelectView.m */; };
		2995F1F02728D5B60000D90D /* SectionModel.m in Sources */ = {isa = PBXBuildFile; fileRef = 2995F1EF2728D5B60000D90D /* SectionModel.m */; };
		2995F2012728D5C50000D90D /* VCLifeCycle.m in Sources */ = {isa = PBXBuildFile; fileRef = 2995F1F32728D5C50000D90D /* VCLifeCycle.m */; };
		2995F2022728D5C50000D90D /* VCLifeCyclePop.m in Sources */ = {isa = PBXBuildFile; fileRef = 2995F1F72728D5C50000D90D /* VCLifeCyclePop.m */; };
		2995F2032728D5C50000D90D /* VCLifeCyclePresent.m in Sources */ = {isa = PBXBuildFile; fileRef = 2995F1F82728D5C50000D90D /* VCLifeCyclePresent.m */; };
		2995F2042728D5C50000D90D /* CollectionCell.m in Sources */ = {isa = PBXBuildFile; fileRef = 2995F1FC2728D5C50000D90D /* CollectionCell.m */; };
		2995F2052728D5C50000D90D /* CollectionVC.m in Sources */ = {isa = PBXBuildFile; fileRef = 2995F1FD2728D5C50000D90D /* CollectionVC.m */; };
		2995F2062728D5C50000D90D /* TableViewVC.m in Sources */ = {isa = PBXBuildFile; fileRef = 2995F1FF2728D5C50000D90D /* TableViewVC.m */; };
		2995F2102728D5D50000D90D /* CellSelectVC.m in Sources */ = {isa = PBXBuildFile; fileRef = 2995F20A2728D5D50000D90D /* CellSelectVC.m */; };
		2995F2112728D5D50000D90D /* NavCustomView.m in Sources */ = {isa = PBXBuildFile; fileRef = 2995F20C2728D5D50000D90D /* NavCustomView.m */; };
		2995F2122728D5D50000D90D /* NavigationVC.m in Sources */ = {isa = PBXBuildFile; fileRef = 2995F20F2728D5D50000D90D /* NavigationVC.m */; };
		2995F21A2728D5DE0000D90D /* SPPageMenuVC.m in Sources */ = {isa = PBXBuildFile; fileRef = 2995F2162728D5DE0000D90D /* SPPageMenuVC.m */; };
		2995F21B2728D5DE0000D90D /* LeeAlertVC.m in Sources */ = {isa = PBXBuildFile; fileRef = 2995F2182728D5DE0000D90D /* LeeAlertVC.m */; };
		2995F2202728E8460000D90D /* ImageWatermarkVC.m in Sources */ = {isa = PBXBuildFile; fileRef = 2995F21F2728E8460000D90D /* ImageWatermarkVC.m */; };
		2995F2272728ED740000D90D /* NSDate+CXCategory.m in Sources */ = {isa = PBXBuildFile; fileRef = 2995F2222728ED740000D90D /* NSDate+CXCategory.m */; };
		2995F2282728ED740000D90D /* CXDatePickerView.m in Sources */ = {isa = PBXBuildFile; fileRef = 2995F2262728ED740000D90D /* CXDatePickerView.m */; };
		2995F22C2728EDF80000D90D /* DatePickerVC.m in Sources */ = {isa = PBXBuildFile; fileRef = 2995F22B2728EDF80000D90D /* DatePickerVC.m */; };
		2995F297272907530000D90D /* UIView+KView.m in Sources */ = {isa = PBXBuildFile; fileRef = 2995F290272907530000D90D /* UIView+KView.m */; };
		2995F298272907530000D90D /* UIButton+KImageText.m in Sources */ = {isa = PBXBuildFile; fileRef = 2995F292272907530000D90D /* UIButton+KImageText.m */; };
		2995F299272907530000D90D /* UIColor+KCustomColor.m in Sources */ = {isa = PBXBuildFile; fileRef = 2995F294272907530000D90D /* UIColor+KCustomColor.m */; };
		2995F29A272907530000D90D /* UIImage+KSize.m in Sources */ = {isa = PBXBuildFile; fileRef = 2995F295272907530000D90D /* UIImage+KSize.m */; };
		2995F2BC272907620000D90D /* KRechargeModel.m in Sources */ = {isa = PBXBuildFile; fileRef = 2995F29D272907620000D90D /* KRechargeModel.m */; };
		2995F2BD272907620000D90D /* recharge_alipay.png in Resources */ = {isa = PBXBuildFile; fileRef = 2995F2A0272907620000D90D /* recharge_alipay.png */; };
		2995F2BE272907620000D90D /* recharge_normal.png in Resources */ = {isa = PBXBuildFile; fileRef = 2995F2A1272907620000D90D /* recharge_normal.png */; };
		2995F2BF272907620000D90D /* KRechargeWayView.m in Sources */ = {isa = PBXBuildFile; fileRef = 2995F2A2272907620000D90D /* KRechargeWayView.m */; };
		2995F2C0272907620000D90D /* recharge_wechat.png in Resources */ = {isa = PBXBuildFile; fileRef = 2995F2A3272907620000D90D /* recharge_wechat.png */; };
		2995F2C1272907620000D90D /* recharge_select.png in Resources */ = {isa = PBXBuildFile; fileRef = 2995F2A4272907620000D90D /* recharge_select.png */; };
		2995F2C2272907620000D90D /* KBottomPopView.m in Sources */ = {isa = PBXBuildFile; fileRef = 2995F2A5272907620000D90D /* KBottomPopView.m */; };
		2995F2C3272907620000D90D /* KEvaluateView.m in Sources */ = {isa = PBXBuildFile; fileRef = 2995F2A7272907620000D90D /* KEvaluateView.m */; };
		2995F2C4272907620000D90D /* k_add_photo.png in Resources */ = {isa = PBXBuildFile; fileRef = 2995F2AD272907620000D90D /* k_add_photo.png */; };
		2995F2C5272907620000D90D /* KPhotoCollectionView.m in Sources */ = {isa = PBXBuildFile; fileRef = 2995F2AF272907620000D90D /* KPhotoCollectionView.m */; };
		2995F2C6272907620000D90D /* KPhotoCell.m in Sources */ = {isa = PBXBuildFile; fileRef = 2995F2B0272907620000D90D /* KPhotoCell.m */; };
		2995F2C7272907620000D90D /* KPhotoCell.xib in Resources */ = {isa = PBXBuildFile; fileRef = 2995F2B1272907620000D90D /* KPhotoCell.xib */; };
		2995F2C8272907620000D90D /* k_delete_photo@2x.png in Resources */ = {isa = PBXBuildFile; fileRef = 2995F2B3272907620000D90D /* k_delete_photo@2x.png */; };
		2995F2C9272907620000D90D /* KPickerView.m in Sources */ = {isa = PBXBuildFile; fileRef = 2995F2B4272907620000D90D /* KPickerView.m */; };
		2995F2CA272907620000D90D /* KPopView.m in Sources */ = {isa = PBXBuildFile; fileRef = 2995F2B5272907620000D90D /* KPopView.m */; };
		2995F2CF272907620000D90D /* KTextView.m in Sources */ = {isa = PBXBuildFile; fileRef = 2995F2BB272907620000D90D /* KTextView.m */; };
		2995F2D5272907670000D90D /* MBProgressHUD.bundle in Resources */ = {isa = PBXBuildFile; fileRef = 2995F2D3272907660000D90D /* MBProgressHUD.bundle */; };
		2995F2D6272907670000D90D /* MBProgressHUD+Custom.m in Sources */ = {isa = PBXBuildFile; fileRef = 2995F2D4272907660000D90D /* MBProgressHUD+Custom.m */; };
		2995F2DA272926EE0000D90D /* BMProgressHUDVC.m in Sources */ = {isa = PBXBuildFile; fileRef = 2995F2D9272926EE0000D90D /* BMProgressHUDVC.m */; };
		29C3864027293BC100E9933C /* SAMKeychainVC.m in Sources */ = {isa = PBXBuildFile; fileRef = 29C3863F27293BC100E9933C /* SAMKeychainVC.m */; };
		426D6BC799EB2889F77E9B6A /* libPods-KZOC.a in Frameworks */ = {isa = PBXBuildFile; fileRef = A472C9849EA18CE8268B5BB6 /* libPods-KZOC.a */; };
/* End PBXBuildFile section */

/* Begin PBXFileReference section */
		0A58ED9FFA5AD146D30D45AD /* Pods-KZOC.debug.xcconfig */ = {isa = PBXFileReference; includeInIndex = 1; lastKnownFileType = text.xcconfig; name = "Pods-KZOC.debug.xcconfig"; path = "Target Support Files/Pods-KZOC/Pods-KZOC.debug.xcconfig"; sourceTree = "<group>"; };
		29946074272A379C009853CE /* HomeHeaderView.h */ = {isa = PBXFileReference; lastKnownFileType = sourcecode.c.h; path = HomeHeaderView.h; sourceTree = "<group>"; };
		29946075272A379C009853CE /* HomeHeaderView.m */ = {isa = PBXFileReference; lastKnownFileType = sourcecode.c.objc; path = HomeHeaderView.m; sourceTree = "<group>"; };
		29946078272A3932009853CE /* HomeHeaderViewCell.h */ = {isa = PBXFileReference; lastKnownFileType = sourcecode.c.h; path = HomeHeaderViewCell.h; sourceTree = "<group>"; };
		29946079272A3932009853CE /* HomeHeaderViewCell.m */ = {isa = PBXFileReference; lastKnownFileType = sourcecode.c.objc; path = HomeHeaderViewCell.m; sourceTree = "<group>"; };
		2994607B272A50D3009853CE /* TabBarRootVC.h */ = {isa = PBXFileReference; lastKnownFileType = sourcecode.c.h; path = TabBarRootVC.h; sourceTree = "<group>"; };
		2994607C272A50D3009853CE /* TabBarRootVC.m */ = {isa = PBXFileReference; lastKnownFileType = sourcecode.c.objc; path = TabBarRootVC.m; sourceTree = "<group>"; };
		2994607E272A50ED009853CE /* HomeVC.h */ = {isa = PBXFileReference; lastKnownFileType = sourcecode.c.h; path = HomeVC.h; sourceTree = "<group>"; };
		2994607F272A50ED009853CE /* HomeVC.m */ = {isa = PBXFileReference; lastKnownFileType = sourcecode.c.objc; path = HomeVC.m; sourceTree = "<group>"; };
		29946081272A5104009853CE /* TestVC.h */ = {isa = PBXFileReference; lastKnownFileType = sourcecode.c.h; path = TestVC.h; sourceTree = "<group>"; };
		29946082272A5104009853CE /* TestVC.m */ = {isa = PBXFileReference; lastKnownFileType = sourcecode.c.objc; path = TestVC.m; sourceTree = "<group>"; };
		29946084272A5ACF009853CE /* KHeader.h */ = {isa = PBXFileReference; lastKnownFileType = sourcecode.c.h; path = KHeader.h; sourceTree = "<group>"; };
		29946089272A83D2009853CE /* NavMenuModel.h */ = {isa = PBXFileReference; lastKnownFileType = sourcecode.c.h; path = NavMenuModel.h; sourceTree = "<group>"; };
		2994608A272A83D2009853CE /* NavMenuModel.m */ = {isa = PBXFileReference; lastKnownFileType = sourcecode.c.objc; path = NavMenuModel.m; sourceTree = "<group>"; };
		2994608C272A8676009853CE /* NavCustomViewCell.h */ = {isa = PBXFileReference; lastKnownFileType = sourcecode.c.h; path = NavCustomViewCell.h; sourceTree = "<group>"; };
		2994608D272A8676009853CE /* NavCustomViewCell.m */ = {isa = PBXFileReference; lastKnownFileType = sourcecode.c.objc; path = NavCustomViewCell.m; sourceTree = "<group>"; };
		2995F1C62728095A0000D90D /* KZOC.app */ = {isa = PBXFileReference; explicitFileType = wrapper.application; includeInIndex = 0; path = KZOC.app; sourceTree = BUILT_PRODUCTS_DIR; };
		2995F1C92728095A0000D90D /* AppDelegate.h */ = {isa = PBXFileReference; lastKnownFileType = sourcecode.c.h; path = AppDelegate.h; sourceTree = "<group>"; };
		2995F1CA2728095A0000D90D /* AppDelegate.m */ = {isa = PBXFileReference; lastKnownFileType = sourcecode.c.objc; path = AppDelegate.m; sourceTree = "<group>"; };
		2995F1CF2728095A0000D90D /* ViewController.h */ = {isa = PBXFileReference; lastKnownFileType = sourcecode.c.h; path = ViewController.h; sourceTree = "<group>"; };
		2995F1D02728095A0000D90D /* ViewController.m */ = {isa = PBXFileReference; lastKnownFileType = sourcecode.c.objc; path = ViewController.m; sourceTree = "<group>"; };
		2995F1D32728095A0000D90D /* Base */ = {isa = PBXFileReference; lastKnownFileType = file.storyboard; name = Base; path = Base.lproj/Main.storyboard; sourceTree = "<group>"; };
		2995F1D52728095C0000D90D /* Assets.xcassets */ = {isa = PBXFileReference; lastKnownFileType = folder.assetcatalog; path = Assets.xcassets; sourceTree = "<group>"; };
		2995F1D82728095C0000D90D /* Base */ = {isa = PBXFileReference; lastKnownFileType = file.storyboard; name = Base; path = Base.lproj/LaunchScreen.storyboard; sourceTree = "<group>"; };
		2995F1DA2728095C0000D90D /* Info.plist */ = {isa = PBXFileReference; lastKnownFileType = text.plist.xml; path = Info.plist; sourceTree = "<group>"; };
		2995F1DB2728095C0000D90D /* main.m */ = {isa = PBXFileReference; lastKnownFileType = sourcecode.c.objc; path = main.m; sourceTree = "<group>"; };
		2995F1E227280E720000D90D /* PrefixHeader.pch */ = {isa = PBXFileReference; lastKnownFileType = sourcecode.c.h; path = PrefixHeader.pch; sourceTree = "<group>"; };
		2995F1E527280E8B0000D90D /* KTools.h */ = {isa = PBXFileReference; fileEncoding = 4; lastKnownFileType = sourcecode.c.h; path = KTools.h; sourceTree = "<group>"; };
		2995F1E627280E8B0000D90D /* KUIViewExt.m */ = {isa = PBXFileReference; fileEncoding = 4; lastKnownFileType = sourcecode.c.objc; path = KUIViewExt.m; sourceTree = "<group>"; };
		2995F1E727280E8B0000D90D /* KTools.m */ = {isa = PBXFileReference; fileEncoding = 4; lastKnownFileType = sourcecode.c.objc; path = KTools.m; sourceTree = "<group>"; };
		2995F1E827280E8B0000D90D /* KUIViewExt.h */ = {isa = PBXFileReference; fileEncoding = 4; lastKnownFileType = sourcecode.c.h; path = KUIViewExt.h; sourceTree = "<group>"; };
		2995F1E927280E8B0000D90D /* KSelectView.m */ = {isa = PBXFileReference; fileEncoding = 4; lastKnownFileType = sourcecode.c.objc; path = KSelectView.m; sourceTree = "<group>"; };
		2995F1EA27280E8B0000D90D /* KSelectView.h */ = {isa = PBXFileReference; fileEncoding = 4; lastKnownFileType = sourcecode.c.h; path = KSelectView.h; sourceTree = "<group>"; };
		2995F1EE2728D5B60000D90D /* SectionModel.h */ = {isa = PBXFileReference; fileEncoding = 4; lastKnownFileType = sourcecode.c.h; path = SectionModel.h; sourceTree = "<group>"; };
		2995F1EF2728D5B60000D90D /* SectionModel.m */ = {isa = PBXFileReference; fileEncoding = 4; lastKnownFileType = sourcecode.c.objc; path = SectionModel.m; sourceTree = "<group>"; };
		2995F1F32728D5C50000D90D /* VCLifeCycle.m */ = {isa = PBXFileReference; fileEncoding = 4; lastKnownFileType = sourcecode.c.objc; path = VCLifeCycle.m; sourceTree = "<group>"; };
		2995F1F42728D5C50000D90D /* VCLifeCyclePresent.h */ = {isa = PBXFileReference; fileEncoding = 4; lastKnownFileType = sourcecode.c.h; path = VCLifeCyclePresent.h; sourceTree = "<group>"; };
		2995F1F52728D5C50000D90D /* VCLifeCyclePop.h */ = {isa = PBXFileReference; fileEncoding = 4; lastKnownFileType = sourcecode.c.h; path = VCLifeCyclePop.h; sourceTree = "<group>"; };
		2995F1F62728D5C50000D90D /* VCLifeCycle.h */ = {isa = PBXFileReference; fileEncoding = 4; lastKnownFileType = sourcecode.c.h; path = VCLifeCycle.h; sourceTree = "<group>"; };
		2995F1F72728D5C50000D90D /* VCLifeCyclePop.m */ = {isa = PBXFileReference; fileEncoding = 4; lastKnownFileType = sourcecode.c.objc; path = VCLifeCyclePop.m; sourceTree = "<group>"; };
		2995F1F82728D5C50000D90D /* VCLifeCyclePresent.m */ = {isa = PBXFileReference; fileEncoding = 4; lastKnownFileType = sourcecode.c.objc; path = VCLifeCyclePresent.m; sourceTree = "<group>"; };
		2995F1FA2728D5C50000D90D /* CollectionCell.h */ = {isa = PBXFileReference; fileEncoding = 4; lastKnownFileType = sourcecode.c.h; path = CollectionCell.h; sourceTree = "<group>"; };
		2995F1FB2728D5C50000D90D /* CollectionVC.h */ = {isa = PBXFileReference; fileEncoding = 4; lastKnownFileType = sourcecode.c.h; path = CollectionVC.h; sourceTree = "<group>"; };
		2995F1FC2728D5C50000D90D /* CollectionCell.m */ = {isa = PBXFileReference; fileEncoding = 4; lastKnownFileType = sourcecode.c.objc; path = CollectionCell.m; sourceTree = "<group>"; };
		2995F1FD2728D5C50000D90D /* CollectionVC.m */ = {isa = PBXFileReference; fileEncoding = 4; lastKnownFileType = sourcecode.c.objc; path = CollectionVC.m; sourceTree = "<group>"; };
		2995F1FF2728D5C50000D90D /* TableViewVC.m */ = {isa = PBXFileReference; fileEncoding = 4; lastKnownFileType = sourcecode.c.objc; path = TableViewVC.m; sourceTree = "<group>"; };
		2995F2002728D5C50000D90D /* TableViewVC.h */ = {isa = PBXFileReference; fileEncoding = 4; lastKnownFileType = sourcecode.c.h; path = TableViewVC.h; sourceTree = "<group>"; };
		2995F2092728D5D50000D90D /* CellSelectVC.h */ = {isa = PBXFileReference; fileEncoding = 4; lastKnownFileType = sourcecode.c.h; path = CellSelectVC.h; sourceTree = "<group>"; };
		2995F20A2728D5D50000D90D /* CellSelectVC.m */ = {isa = PBXFileReference; fileEncoding = 4; lastKnownFileType = sourcecode.c.objc; path = CellSelectVC.m; sourceTree = "<group>"; };
		2995F20C2728D5D50000D90D /* NavCustomView.m */ = {isa = PBXFileReference; fileEncoding = 4; lastKnownFileType = sourcecode.c.objc; path = NavCustomView.m; sourceTree = "<group>"; };
		2995F20D2728D5D50000D90D /* NavigationVC.h */ = {isa = PBXFileReference; fileEncoding = 4; lastKnownFileType = sourcecode.c.h; path = NavigationVC.h; sourceTree = "<group>"; };
		2995F20E2728D5D50000D90D /* NavCustomView.h */ = {isa = PBXFileReference; fileEncoding = 4; lastKnownFileType = sourcecode.c.h; path = NavCustomView.h; sourceTree = "<group>"; };
		2995F20F2728D5D50000D90D /* NavigationVC.m */ = {isa = PBXFileReference; fileEncoding = 4; lastKnownFileType = sourcecode.c.objc; path = NavigationVC.m; sourceTree = "<group>"; };
		2995F2152728D5DE0000D90D /* SPPageMenuVC.h */ = {isa = PBXFileReference; fileEncoding = 4; lastKnownFileType = sourcecode.c.h; path = SPPageMenuVC.h; sourceTree = "<group>"; };
		2995F2162728D5DE0000D90D /* SPPageMenuVC.m */ = {isa = PBXFileReference; fileEncoding = 4; lastKnownFileType = sourcecode.c.objc; path = SPPageMenuVC.m; sourceTree = "<group>"; };
		2995F2182728D5DE0000D90D /* LeeAlertVC.m */ = {isa = PBXFileReference; fileEncoding = 4; lastKnownFileType = sourcecode.c.objc; path = LeeAlertVC.m; sourceTree = "<group>"; };
		2995F2192728D5DE0000D90D /* LeeAlertVC.h */ = {isa = PBXFileReference; fileEncoding = 4; lastKnownFileType = sourcecode.c.h; path = LeeAlertVC.h; sourceTree = "<group>"; };
		2995F21E2728E8460000D90D /* ImageWatermarkVC.h */ = {isa = PBXFileReference; lastKnownFileType = sourcecode.c.h; path = ImageWatermarkVC.h; sourceTree = "<group>"; };
		2995F21F2728E8460000D90D /* ImageWatermarkVC.m */ = {isa = PBXFileReference; lastKnownFileType = sourcecode.c.objc; path = ImageWatermarkVC.m; sourceTree = "<group>"; };
		2995F2222728ED740000D90D /* NSDate+CXCategory.m */ = {isa = PBXFileReference; fileEncoding = 4; lastKnownFileType = sourcecode.c.objc; path = "NSDate+CXCategory.m"; sourceTree = "<group>"; };
		2995F2232728ED740000D90D /* CXDatePickerView.h */ = {isa = PBXFileReference; fileEncoding = 4; lastKnownFileType = sourcecode.c.h; path = CXDatePickerView.h; sourceTree = "<group>"; };
		2995F2242728ED740000D90D /* NSDate+CXCategory.h */ = {isa = PBXFileReference; fileEncoding = 4; lastKnownFileType = sourcecode.c.h; path = "NSDate+CXCategory.h"; sourceTree = "<group>"; };
		2995F2252728ED740000D90D /* PickerViewParameter.h */ = {isa = PBXFileReference; fileEncoding = 4; lastKnownFileType = sourcecode.c.h; path = PickerViewParameter.h; sourceTree = "<group>"; };
		2995F2262728ED740000D90D /* CXDatePickerView.m */ = {isa = PBXFileReference; fileEncoding = 4; lastKnownFileType = sourcecode.c.objc; path = CXDatePickerView.m; sourceTree = "<group>"; };
		2995F22A2728EDF80000D90D /* DatePickerVC.h */ = {isa = PBXFileReference; lastKnownFileType = sourcecode.c.h; path = DatePickerVC.h; sourceTree = "<group>"; };
		2995F22B2728EDF80000D90D /* DatePickerVC.m */ = {isa = PBXFileReference; lastKnownFileType = sourcecode.c.objc; path = DatePickerVC.m; sourceTree = "<group>"; };
		2995F28F272907530000D90D /* UIColor+KCustomColor.h */ = {isa = PBXFileReference; fileEncoding = 4; lastKnownFileType = sourcecode.c.h; path = "UIColor+KCustomColor.h"; sourceTree = "<group>"; };
		2995F290272907530000D90D /* UIView+KView.m */ = {isa = PBXFileReference; fileEncoding = 4; lastKnownFileType = sourcecode.c.objc; path = "UIView+KView.m"; sourceTree = "<group>"; };
		2995F291272907530000D90D /* UIImage+KSize.h */ = {isa = PBXFileReference; fileEncoding = 4; lastKnownFileType = sourcecode.c.h; path = "UIImage+KSize.h"; sourceTree = "<group>"; };
		2995F292272907530000D90D /* UIButton+KImageText.m */ = {isa = PBXFileReference; fileEncoding = 4; lastKnownFileType = sourcecode.c.objc; path = "UIButton+KImageText.m"; sourceTree = "<group>"; };
		2995F293272907530000D90D /* UIView+KView.h */ = {isa = PBXFileReference; fileEncoding = 4; lastKnownFileType = sourcecode.c.h; path = "UIView+KView.h"; sourceTree = "<group>"; };
		2995F294272907530000D90D /* UIColor+KCustomColor.m */ = {isa = PBXFileReference; fileEncoding = 4; lastKnownFileType = sourcecode.c.objc; path = "UIColor+KCustomColor.m"; sourceTree = "<group>"; };
		2995F295272907530000D90D /* UIImage+KSize.m */ = {isa = PBXFileReference; fileEncoding = 4; lastKnownFileType = sourcecode.c.objc; path = "UIImage+KSize.m"; sourceTree = "<group>"; };
		2995F296272907530000D90D /* UIButton+KImageText.h */ = {isa = PBXFileReference; fileEncoding = 4; lastKnownFileType = sourcecode.c.h; path = "UIButton+KImageText.h"; sourceTree = "<group>"; };
		2995F29D272907620000D90D /* KRechargeModel.m */ = {isa = PBXFileReference; fileEncoding = 4; lastKnownFileType = sourcecode.c.objc; path = KRechargeModel.m; sourceTree = "<group>"; };
		2995F29E272907620000D90D /* KRechargeWayView.h */ = {isa = PBXFileReference; fileEncoding = 4; lastKnownFileType = sourcecode.c.h; path = KRechargeWayView.h; sourceTree = "<group>"; };
		2995F29F272907620000D90D /* KRechargeModel.h */ = {isa = PBXFileReference; fileEncoding = 4; lastKnownFileType = sourcecode.c.h; path = KRechargeModel.h; sourceTree = "<group>"; };
		2995F2A0272907620000D90D /* recharge_alipay.png */ = {isa = PBXFileReference; lastKnownFileType = image.png; path = recharge_alipay.png; sourceTree = "<group>"; };
		2995F2A1272907620000D90D /* recharge_normal.png */ = {isa = PBXFileReference; lastKnownFileType = image.png; path = recharge_normal.png; sourceTree = "<group>"; };
		2995F2A2272907620000D90D /* KRechargeWayView.m */ = {isa = PBXFileReference; fileEncoding = 4; lastKnownFileType = sourcecode.c.objc; path = KRechargeWayView.m; sourceTree = "<group>"; };
		2995F2A3272907620000D90D /* recharge_wechat.png */ = {isa = PBXFileReference; lastKnownFileType = image.png; path = recharge_wechat.png; sourceTree = "<group>"; };
		2995F2A4272907620000D90D /* recharge_select.png */ = {isa = PBXFileReference; lastKnownFileType = image.png; path = recharge_select.png; sourceTree = "<group>"; };
		2995F2A5272907620000D90D /* KBottomPopView.m */ = {isa = PBXFileReference; fileEncoding = 4; lastKnownFileType = sourcecode.c.objc; path = KBottomPopView.m; sourceTree = "<group>"; };
		2995F2A6272907620000D90D /* KPickerView.h */ = {isa = PBXFileReference; fileEncoding = 4; lastKnownFileType = sourcecode.c.h; path = KPickerView.h; sourceTree = "<group>"; };
		2995F2A7272907620000D90D /* KEvaluateView.m */ = {isa = PBXFileReference; fileEncoding = 4; lastKnownFileType = sourcecode.c.objc; path = KEvaluateView.m; sourceTree = "<group>"; };
		2995F2A8272907620000D90D /* KPopView.h */ = {isa = PBXFileReference; fileEncoding = 4; lastKnownFileType = sourcecode.c.h; path = KPopView.h; sourceTree = "<group>"; };
		2995F2A9272907620000D90D /* KTextView.h */ = {isa = PBXFileReference; fileEncoding = 4; lastKnownFileType = sourcecode.c.h; path = KTextView.h; sourceTree = "<group>"; };
		2995F2AA272907620000D90D /* KBottomPopView.h */ = {isa = PBXFileReference; fileEncoding = 4; lastKnownFileType = sourcecode.c.h; path = KBottomPopView.h; sourceTree = "<group>"; };
		2995F2AB272907620000D90D /* KEvaluateView.h */ = {isa = PBXFileReference; fileEncoding = 4; lastKnownFileType = sourcecode.c.h; path = KEvaluateView.h; sourceTree = "<group>"; };
		2995F2AD272907620000D90D /* k_add_photo.png */ = {isa = PBXFileReference; lastKnownFileType = image.png; path = k_add_photo.png; sourceTree = "<group>"; };
		2995F2AE272907620000D90D /* KPhotoCell.h */ = {isa = PBXFileReference; fileEncoding = 4; lastKnownFileType = sourcecode.c.h; path = KPhotoCell.h; sourceTree = "<group>"; };
		2995F2AF272907620000D90D /* KPhotoCollectionView.m */ = {isa = PBXFileReference; fileEncoding = 4; lastKnownFileType = sourcecode.c.objc; path = KPhotoCollectionView.m; sourceTree = "<group>"; };
		2995F2B0272907620000D90D /* KPhotoCell.m */ = {isa = PBXFileReference; fileEncoding = 4; lastKnownFileType = sourcecode.c.objc; path = KPhotoCell.m; sourceTree = "<group>"; };
		2995F2B1272907620000D90D /* KPhotoCell.xib */ = {isa = PBXFileReference; fileEncoding = 4; lastKnownFileType = file.xib; path = KPhotoCell.xib; sourceTree = "<group>"; };
		2995F2B2272907620000D90D /* KPhotoCollectionView.h */ = {isa = PBXFileReference; fileEncoding = 4; lastKnownFileType = sourcecode.c.h; path = KPhotoCollectionView.h; sourceTree = "<group>"; };
		2995F2B3272907620000D90D /* k_delete_photo@2x.png */ = {isa = PBXFileReference; lastKnownFileType = image.png; path = "k_delete_photo@2x.png"; sourceTree = "<group>"; };
		2995F2B4272907620000D90D /* KPickerView.m */ = {isa = PBXFileReference; fileEncoding = 4; lastKnownFileType = sourcecode.c.objc; path = KPickerView.m; sourceTree = "<group>"; };
		2995F2B5272907620000D90D /* KPopView.m */ = {isa = PBXFileReference; fileEncoding = 4; lastKnownFileType = sourcecode.c.objc; path = KPopView.m; sourceTree = "<group>"; };
		2995F2BB272907620000D90D /* KTextView.m */ = {isa = PBXFileReference; fileEncoding = 4; lastKnownFileType = sourcecode.c.objc; path = KTextView.m; sourceTree = "<group>"; };
		2995F2D2272907660000D90D /* MBProgressHUD+Custom.h */ = {isa = PBXFileReference; fileEncoding = 4; lastKnownFileType = sourcecode.c.h; path = "MBProgressHUD+Custom.h"; sourceTree = "<group>"; };
		2995F2D3272907660000D90D /* MBProgressHUD.bundle */ = {isa = PBXFileReference; lastKnownFileType = "wrapper.plug-in"; path = MBProgressHUD.bundle; sourceTree = "<group>"; };
		2995F2D4272907660000D90D /* MBProgressHUD+Custom.m */ = {isa = PBXFileReference; fileEncoding = 4; lastKnownFileType = sourcecode.c.objc; path = "MBProgressHUD+Custom.m"; sourceTree = "<group>"; };
		2995F2D8272926EE0000D90D /* BMProgressHUDVC.h */ = {isa = PBXFileReference; lastKnownFileType = sourcecode.c.h; path = BMProgressHUDVC.h; sourceTree = "<group>"; };
		2995F2D9272926EE0000D90D /* BMProgressHUDVC.m */ = {isa = PBXFileReference; lastKnownFileType = sourcecode.c.objc; path = BMProgressHUDVC.m; sourceTree = "<group>"; };
		29C3863E27293BC100E9933C /* SAMKeychainVC.h */ = {isa = PBXFileReference; lastKnownFileType = sourcecode.c.h; path = SAMKeychainVC.h; sourceTree = "<group>"; };
		29C3863F27293BC100E9933C /* SAMKeychainVC.m */ = {isa = PBXFileReference; lastKnownFileType = sourcecode.c.objc; path = SAMKeychainVC.m; sourceTree = "<group>"; };
		85502B3BB602ECB193FD3C70 /* Pods-KZOC.release.xcconfig */ = {isa = PBXFileReference; includeInIndex = 1; lastKnownFileType = text.xcconfig; name = "Pods-KZOC.release.xcconfig"; path = "Target Support Files/Pods-KZOC/Pods-KZOC.release.xcconfig"; sourceTree = "<group>"; };
		A472C9849EA18CE8268B5BB6 /* libPods-KZOC.a */ = {isa = PBXFileReference; explicitFileType = archive.ar; includeInIndex = 0; path = "libPods-KZOC.a"; sourceTree = BUILT_PRODUCTS_DIR; };
/* End PBXFileReference section */

/* Begin PBXFrameworksBuildPhase section */
		2995F1C32728095A0000D90D /* Frameworks */ = {
			isa = PBXFrameworksBuildPhase;
			buildActionMask = 2147483647;
			files = (
				426D6BC799EB2889F77E9B6A /* libPods-KZOC.a in Frameworks */,
			);
			runOnlyForDeploymentPostprocessing = 0;
		};
/* End PBXFrameworksBuildPhase section */

/* Begin PBXGroup section */
		29946077272A390A009853CE /* Home */ = {
			isa = PBXGroup;
			children = (
				2994607B272A50D3009853CE /* TabBarRootVC.h */,
				2994607C272A50D3009853CE /* TabBarRootVC.m */,
				2994607E272A50ED009853CE /* HomeVC.h */,
				2994607F272A50ED009853CE /* HomeVC.m */,
				29946074272A379C009853CE /* HomeHeaderView.h */,
				29946075272A379C009853CE /* HomeHeaderView.m */,
				29946078272A3932009853CE /* HomeHeaderViewCell.h */,
				29946079272A3932009853CE /* HomeHeaderViewCell.m */,
				2995F1EE2728D5B60000D90D /* SectionModel.h */,
				2995F1EF2728D5B60000D90D /* SectionModel.m */,
			);
			path = Home;
			sourceTree = "<group>";
		};
		29946085272A7A93009853CE /* Test */ = {
			isa = PBXGroup;
			children = (
				29946081272A5104009853CE /* TestVC.h */,
				29946082272A5104009853CE /* TestVC.m */,
			);
			path = Test;
			sourceTree = "<group>";
		};
		2995F1BD2728095A0000D90D = {
			isa = PBXGroup;
			children = (
				2995F1C82728095A0000D90D /* KZOC */,
				2995F1C72728095A0000D90D /* Products */,
				E17EECFE8FFA35EB97173F37 /* Pods */,
				C1B7DFEFCC58543D575D076E /* Frameworks */,
			);
			sourceTree = "<group>";
		};
		2995F1C72728095A0000D90D /* Products */ = {
			isa = PBXGroup;
			children = (
				2995F1C62728095A0000D90D /* KZOC.app */,
			);
			name = Products;
			sourceTree = "<group>";
		};
		2995F1C82728095A0000D90D /* KZOC */ = {
			isa = PBXGroup;
			children = (
				2995F1C92728095A0000D90D /* AppDelegate.h */,
				2995F1CA2728095A0000D90D /* AppDelegate.m */,
				29946077272A390A009853CE /* Home */,
				2995F1F12728D5C50000D90D /* 系统相关 */,
				2995F21C2728E69C0000D90D /* 功能实验 */,
				2995F2072728D5D50000D90D /* 组件封装 */,
				2995F2132728D5DE0000D90D /* 三方框架 */,
				2995F1E327280E8B0000D90D /* KTools */,
				2995F28D272906330000D90D /* Supporting Files */,
				29946085272A7A93009853CE /* Test */,
			);
			path = KZOC;
			sourceTree = "<group>";
		};
		2995F1E327280E8B0000D90D /* KTools */ = {
			isa = PBXGroup;
			children = (
				2995F2D0272907660000D90D /* category_third */,
				2995F29B272907620000D90D /* subclass */,
				2995F28E272907530000D90D /* category */,
				2995F1E427280E8B0000D90D /* tools */,
			);
			path = KTools;
			sourceTree = "<group>";
		};
		2995F1E427280E8B0000D90D /* tools */ = {
			isa = PBXGroup;
			children = (
				2995F1E527280E8B0000D90D /* KTools.h */,
				2995F1E727280E8B0000D90D /* KTools.m */,
				2995F1E827280E8B0000D90D /* KUIViewExt.h */,
				2995F1E627280E8B0000D90D /* KUIViewExt.m */,
			);
			path = tools;
			sourceTree = "<group>";
		};
		2995F1F12728D5C50000D90D /* 系统相关 */ = {
			isa = PBXGroup;
			children = (
				2995F1F22728D5C50000D90D /* VCLifeCycle */,
				2995F1F92728D5C50000D90D /* UICollectionView */,
				2995F1FE2728D5C50000D90D /* UITableView */,
			);
			path = "系统相关";
			sourceTree = "<group>";
		};
		2995F1F22728D5C50000D90D /* VCLifeCycle */ = {
			isa = PBXGroup;
			children = (
				2995F1F62728D5C50000D90D /* VCLifeCycle.h */,
				2995F1F32728D5C50000D90D /* VCLifeCycle.m */,
				2995F1F52728D5C50000D90D /* VCLifeCyclePop.h */,
				2995F1F72728D5C50000D90D /* VCLifeCyclePop.m */,
				2995F1F42728D5C50000D90D /* VCLifeCyclePresent.h */,
				2995F1F82728D5C50000D90D /* VCLifeCyclePresent.m */,
			);
			path = VCLifeCycle;
			sourceTree = "<group>";
		};
		2995F1F92728D5C50000D90D /* UICollectionView */ = {
			isa = PBXGroup;
			children = (
				2995F1FA2728D5C50000D90D /* CollectionCell.h */,
				2995F1FB2728D5C50000D90D /* CollectionVC.h */,
				2995F1FC2728D5C50000D90D /* CollectionCell.m */,
				2995F1FD2728D5C50000D90D /* CollectionVC.m */,
			);
			path = UICollectionView;
			sourceTree = "<group>";
		};
		2995F1FE2728D5C50000D90D /* UITableView */ = {
			isa = PBXGroup;
			children = (
				2995F2002728D5C50000D90D /* TableViewVC.h */,
				2995F1FF2728D5C50000D90D /* TableViewVC.m */,
			);
			path = UITableView;
			sourceTree = "<group>";
		};
		2995F2072728D5D50000D90D /* 组件封装 */ = {
			isa = PBXGroup;
			children = (
				2995F2082728D5D50000D90D /* Cell选择器 */,
			);
			path = "组件封装";
			sourceTree = "<group>";
		};
		2995F2082728D5D50000D90D /* Cell选择器 */ = {
			isa = PBXGroup;
			children = (
				2995F2092728D5D50000D90D /* CellSelectVC.h */,
				2995F20A2728D5D50000D90D /* CellSelectVC.m */,
			);
			path = "Cell选择器";
			sourceTree = "<group>";
		};
		2995F20B2728D5D50000D90D /* 导航栏淡入淡出 */ = {
			isa = PBXGroup;
			children = (
				29946089272A83D2009853CE /* NavMenuModel.h */,
				2994608A272A83D2009853CE /* NavMenuModel.m */,
				2995F20E2728D5D50000D90D /* NavCustomView.h */,
				2995F20C2728D5D50000D90D /* NavCustomView.m */,
				2994608C272A8676009853CE /* NavCustomViewCell.h */,
				2994608D272A8676009853CE /* NavCustomViewCell.m */,
				2995F20D2728D5D50000D90D /* NavigationVC.h */,
				2995F20F2728D5D50000D90D /* NavigationVC.m */,
			);
			path = "导航栏淡入淡出";
			sourceTree = "<group>";
		};
		2995F2132728D5DE0000D90D /* 三方框架 */ = {
			isa = PBXGroup;
			children = (
				29C3863D27293B8E00E9933C /* SAMKeychain(钥匙串） */,
				2995F2D7272926AA0000D90D /* BMProgressHUD */,
				2995F2172728D5DE0000D90D /* LEEAlert */,
				2995F2142728D5DE0000D90D /* SPPageMenu */,
				2995F2212728ED3F0000D90D /* 时间选择器 */,
			);
			path = "三方框架";
			sourceTree = "<group>";
		};
		2995F2142728D5DE0000D90D /* SPPageMenu */ = {
			isa = PBXGroup;
			children = (
				2995F2152728D5DE0000D90D /* SPPageMenuVC.h */,
				2995F2162728D5DE0000D90D /* SPPageMenuVC.m */,
			);
			path = SPPageMenu;
			sourceTree = "<group>";
		};
		2995F2172728D5DE0000D90D /* LEEAlert */ = {
			isa = PBXGroup;
			children = (
				2995F2182728D5DE0000D90D /* LeeAlertVC.m */,
				2995F2192728D5DE0000D90D /* LeeAlertVC.h */,
			);
			path = LEEAlert;
			sourceTree = "<group>";
		};
		2995F21C2728E69C0000D90D /* 功能实验 */ = {
			isa = PBXGroup;
			children = (
				2995F20B2728D5D50000D90D /* 导航栏淡入淡出 */,
				2995F21D2728E8200000D90D /* 图片水印 */,
			);
			path = "功能实验";
			sourceTree = "<group>";
		};
		2995F21D2728E8200000D90D /* 图片水印 */ = {
			isa = PBXGroup;
			children = (
				2995F21E2728E8460000D90D /* ImageWatermarkVC.h */,
				2995F21F2728E8460000D90D /* ImageWatermarkVC.m */,
			);
			path = "图片水印";
			sourceTree = "<group>";
		};
		2995F2212728ED3F0000D90D /* 时间选择器 */ = {
			isa = PBXGroup;
			children = (
				2995F22A2728EDF80000D90D /* DatePickerVC.h */,
				2995F22B2728EDF80000D90D /* DatePickerVC.m */,
				2995F2292728EDDF0000D90D /* CXDatePicker */,
			);
			path = "时间选择器";
			sourceTree = "<group>";
		};
		2995F2292728EDDF0000D90D /* CXDatePicker */ = {
			isa = PBXGroup;
			children = (
				2995F2232728ED740000D90D /* CXDatePickerView.h */,
				2995F2262728ED740000D90D /* CXDatePickerView.m */,
				2995F2242728ED740000D90D /* NSDate+CXCategory.h */,
				2995F2222728ED740000D90D /* NSDate+CXCategory.m */,
				2995F2252728ED740000D90D /* PickerViewParameter.h */,
			);
			path = CXDatePicker;
			sourceTree = "<group>";
		};
		2995F28D272906330000D90D /* Supporting Files */ = {
			isa = PBXGroup;
			children = (
				2995F1D52728095C0000D90D /* Assets.xcassets */,
				29946084272A5ACF009853CE /* KHeader.h */,
				2995F1E227280E720000D90D /* PrefixHeader.pch */,
				2995F1D22728095A0000D90D /* Main.storyboard */,
				2995F1D72728095C0000D90D /* LaunchScreen.storyboard */,
				2995F1DA2728095C0000D90D /* Info.plist */,
				2995F1DB2728095C0000D90D /* main.m */,
				2995F1CF2728095A0000D90D /* ViewController.h */,
				2995F1D02728095A0000D90D /* ViewController.m */,
			);
			path = "Supporting Files";
			sourceTree = "<group>";
		};
		2995F28E272907530000D90D /* category */ = {
			isa = PBXGroup;
			children = (
				2995F293272907530000D90D /* UIView+KView.h */,
				2995F290272907530000D90D /* UIView+KView.m */,
				2995F291272907530000D90D /* UIImage+KSize.h */,
				2995F295272907530000D90D /* UIImage+KSize.m */,
				2995F296272907530000D90D /* UIButton+KImageText.h */,
				2995F292272907530000D90D /* UIButton+KImageText.m */,
				2995F28F272907530000D90D /* UIColor+KCustomColor.h */,
				2995F294272907530000D90D /* UIColor+KCustomColor.m */,
			);
			path = category;
			sourceTree = "<group>";
		};
		2995F29B272907620000D90D /* subclass */ = {
			isa = PBXGroup;
			children = (
				2995F29C272907620000D90D /* KRechargeWayView */,
				2995F2AC272907620000D90D /* KImgeCollectionView */,
				2995F2AA272907620000D90D /* KBottomPopView.h */,
				2995F2A5272907620000D90D /* KBottomPopView.m */,
				2995F2A6272907620000D90D /* KPickerView.h */,
				2995F2B4272907620000D90D /* KPickerView.m */,
				2995F2A9272907620000D90D /* KTextView.h */,
				2995F2BB272907620000D90D /* KTextView.m */,
				2995F2AB272907620000D90D /* KEvaluateView.h */,
				2995F2A7272907620000D90D /* KEvaluateView.m */,
				2995F2A8272907620000D90D /* KPopView.h */,
				2995F2B5272907620000D90D /* KPopView.m */,
				2995F1EA27280E8B0000D90D /* KSelectView.h */,
				2995F1E927280E8B0000D90D /* KSelectView.m */,
			);
			path = subclass;
			sourceTree = "<group>";
		};
		2995F29C272907620000D90D /* KRechargeWayView */ = {
			isa = PBXGroup;
			children = (
				2995F29D272907620000D90D /* KRechargeModel.m */,
				2995F29E272907620000D90D /* KRechargeWayView.h */,
				2995F29F272907620000D90D /* KRechargeModel.h */,
				2995F2A0272907620000D90D /* recharge_alipay.png */,
				2995F2A1272907620000D90D /* recharge_normal.png */,
				2995F2A2272907620000D90D /* KRechargeWayView.m */,
				2995F2A3272907620000D90D /* recharge_wechat.png */,
				2995F2A4272907620000D90D /* recharge_select.png */,
			);
			path = KRechargeWayView;
			sourceTree = "<group>";
		};
		2995F2AC272907620000D90D /* KImgeCollectionView */ = {
			isa = PBXGroup;
			children = (
				2995F2AD272907620000D90D /* k_add_photo.png */,
				2995F2AE272907620000D90D /* KPhotoCell.h */,
				2995F2AF272907620000D90D /* KPhotoCollectionView.m */,
				2995F2B0272907620000D90D /* KPhotoCell.m */,
				2995F2B1272907620000D90D /* KPhotoCell.xib */,
				2995F2B2272907620000D90D /* KPhotoCollectionView.h */,
				2995F2B3272907620000D90D /* k_delete_photo@2x.png */,
			);
			path = KImgeCollectionView;
			sourceTree = "<group>";
		};
		2995F2D0272907660000D90D /* category_third */ = {
			isa = PBXGroup;
			children = (
				2995F2D1272907660000D90D /* MBProgressHUD */,
			);
			path = category_third;
			sourceTree = "<group>";
		};
		2995F2D1272907660000D90D /* MBProgressHUD */ = {
			isa = PBXGroup;
			children = (
				2995F2D3272907660000D90D /* MBProgressHUD.bundle */,
				2995F2D2272907660000D90D /* MBProgressHUD+Custom.h */,
				2995F2D4272907660000D90D /* MBProgressHUD+Custom.m */,
			);
			path = MBProgressHUD;
			sourceTree = "<group>";
		};
		2995F2D7272926AA0000D90D /* BMProgressHUD */ = {
			isa = PBXGroup;
			children = (
				2995F2D8272926EE0000D90D /* BMProgressHUDVC.h */,
				2995F2D9272926EE0000D90D /* BMProgressHUDVC.m */,
			);
			path = BMProgressHUD;
			sourceTree = "<group>";
		};
		29C3863D27293B8E00E9933C /* SAMKeychain(钥匙串） */ = {
			isa = PBXGroup;
			children = (
				29C3863E27293BC100E9933C /* SAMKeychainVC.h */,
				29C3863F27293BC100E9933C /* SAMKeychainVC.m */,
			);
			path = "SAMKeychain(钥匙串）";
			sourceTree = "<group>";
		};
		C1B7DFEFCC58543D575D076E /* Frameworks */ = {
			isa = PBXGroup;
			children = (
				A472C9849EA18CE8268B5BB6 /* libPods-KZOC.a */,
			);
			name = Frameworks;
			sourceTree = "<group>";
		};
		E17EECFE8FFA35EB97173F37 /* Pods */ = {
			isa = PBXGroup;
			children = (
				0A58ED9FFA5AD146D30D45AD /* Pods-KZOC.debug.xcconfig */,
				85502B3BB602ECB193FD3C70 /* Pods-KZOC.release.xcconfig */,
			);
			path = Pods;
			sourceTree = "<group>";
		};
/* End PBXGroup section */

/* Begin PBXNativeTarget section */
		2995F1C52728095A0000D90D /* KZOC */ = {
			isa = PBXNativeTarget;
			buildConfigurationList = 2995F1DF2728095C0000D90D /* Build configuration list for PBXNativeTarget "KZOC" */;
			buildPhases = (
				52D51E72B750E1351AA70190 /* [CP] Check Pods Manifest.lock */,
				2995F1C22728095A0000D90D /* Sources */,
				2995F1C32728095A0000D90D /* Frameworks */,
				2995F1C42728095A0000D90D /* Resources */,
				0FC4DF4C5F56550A4F66CCBD /* [CP] Copy Pods Resources */,
			);
			buildRules = (
			);
			dependencies = (
			);
			name = KZOC;
			productName = KZOC;
			productReference = 2995F1C62728095A0000D90D /* KZOC.app */;
			productType = "com.apple.product-type.application";
		};
/* End PBXNativeTarget section */

/* Begin PBXProject section */
		2995F1BE2728095A0000D90D /* Project object */ = {
			isa = PBXProject;
			attributes = {
				LastUpgradeCheck = 1250;
				TargetAttributes = {
					2995F1C52728095A0000D90D = {
						CreatedOnToolsVersion = 12.5;
					};
				};
			};
			buildConfigurationList = 2995F1C12728095A0000D90D /* Build configuration list for PBXProject "KZOC" */;
			compatibilityVersion = "Xcode 9.3";
			developmentRegion = en;
			hasScannedForEncodings = 0;
			knownRegions = (
				en,
				Base,
			);
			mainGroup = 2995F1BD2728095A0000D90D;
			productRefGroup = 2995F1C72728095A0000D90D /* Products */;
			projectDirPath = "";
			projectRoot = "";
			targets = (
				2995F1C52728095A0000D90D /* KZOC */,
			);
		};
/* End PBXProject section */

/* Begin PBXResourcesBuildPhase section */
		2995F1C42728095A0000D90D /* Resources */ = {
			isa = PBXResourcesBuildPhase;
			buildActionMask = 2147483647;
			files = (
				2995F1D92728095C0000D90D /* LaunchScreen.storyboard in Resources */,
				2995F2D5272907670000D90D /* MBProgressHUD.bundle in Resources */,
				2995F2BE272907620000D90D /* recharge_normal.png in Resources */,
				2995F2C0272907620000D90D /* recharge_wechat.png in Resources */,
				2995F1D62728095C0000D90D /* Assets.xcassets in Resources */,
				2995F2BD272907620000D90D /* recharge_alipay.png in Resources */,
				2995F1D42728095A0000D90D /* Main.storyboard in Resources */,
				2995F2C8272907620000D90D /* k_delete_photo@2x.png in Resources */,
				2995F2C4272907620000D90D /* k_add_photo.png in Resources */,
				2995F2C1272907620000D90D /* recharge_select.png in Resources */,
				2995F2C7272907620000D90D /* KPhotoCell.xib in Resources */,
			);
			runOnlyForDeploymentPostprocessing = 0;
		};
/* End PBXResourcesBuildPhase section */

/* Begin PBXShellScriptBuildPhase section */
		0FC4DF4C5F56550A4F66CCBD /* [CP] Copy Pods Resources */ = {
			isa = PBXShellScriptBuildPhase;
			buildActionMask = 2147483647;
			files = (
			);
			inputFileListPaths = (
				"${PODS_ROOT}/Target Support Files/Pods-KZOC/Pods-KZOC-resources-${CONFIGURATION}-input-files.xcfilelist",
			);
			name = "[CP] Copy Pods Resources";
			outputFileListPaths = (
				"${PODS_ROOT}/Target Support Files/Pods-KZOC/Pods-KZOC-resources-${CONFIGURATION}-output-files.xcfilelist",
			);
			runOnlyForDeploymentPostprocessing = 0;
			shellPath = /bin/sh;
			shellScript = "\"${PODS_ROOT}/Target Support Files/Pods-KZOC/Pods-KZOC-resources.sh\"\n";
			showEnvVarsInLog = 0;
		};
		52D51E72B750E1351AA70190 /* [CP] Check Pods Manifest.lock */ = {
			isa = PBXShellScriptBuildPhase;
			buildActionMask = 2147483647;
			files = (
			);
			inputFileListPaths = (
			);
			inputPaths = (
				"${PODS_PODFILE_DIR_PATH}/Podfile.lock",
				"${PODS_ROOT}/Manifest.lock",
			);
			name = "[CP] Check Pods Manifest.lock";
			outputFileListPaths = (
			);
			outputPaths = (
				"$(DERIVED_FILE_DIR)/Pods-KZOC-checkManifestLockResult.txt",
			);
			runOnlyForDeploymentPostprocessing = 0;
			shellPath = /bin/sh;
			shellScript = "diff \"${PODS_PODFILE_DIR_PATH}/Podfile.lock\" \"${PODS_ROOT}/Manifest.lock\" > /dev/null\nif [ $? != 0 ] ; then\n    # print error to STDERR\n    echo \"error: The sandbox is not in sync with the Podfile.lock. Run 'pod install' or update your CocoaPods installation.\" >&2\n    exit 1\nfi\n# This output is used by Xcode 'outputs' to avoid re-running this script phase.\necho \"SUCCESS\" > \"${SCRIPT_OUTPUT_FILE_0}\"\n";
			showEnvVarsInLog = 0;
		};
/* End PBXShellScriptBuildPhase section */

/* Begin PBXSourcesBuildPhase section */
		2995F1C22728095A0000D90D /* Sources */ = {
			isa = PBXSourcesBuildPhase;
			buildActionMask = 2147483647;
			files = (
				2995F298272907530000D90D /* UIButton+KImageText.m in Sources */,
				2995F2C9272907620000D90D /* KPickerView.m in Sources */,
				2995F1EB27280E8C0000D90D /* KUIViewExt.m in Sources */,
				29946080272A50ED009853CE /* HomeVC.m in Sources */,
				2995F29A272907530000D90D /* UIImage+KSize.m in Sources */,
				2995F299272907530000D90D /* UIColor+KCustomColor.m in Sources */,
				2995F2062728D5C50000D90D /* TableViewVC.m in Sources */,
				2995F2122728D5D50000D90D /* NavigationVC.m in Sources */,
				2995F2012728D5C50000D90D /* VCLifeCycle.m in Sources */,
				2995F2D6272907670000D90D /* MBProgressHUD+Custom.m in Sources */,
				2995F2052728D5C50000D90D /* CollectionVC.m in Sources */,
				2995F2102728D5D50000D90D /* CellSelectVC.m in Sources */,
				2994608E272A8676009853CE /* NavCustomViewCell.m in Sources */,
				2995F2CA272907620000D90D /* KPopView.m in Sources */,
				2995F1ED27280E8C0000D90D /* KSelectView.m in Sources */,
				2995F1D12728095A0000D90D /* ViewController.m in Sources */,
				2995F21A2728D5DE0000D90D /* SPPageMenuVC.m in Sources */,
				2995F1CB2728095A0000D90D /* AppDelegate.m in Sources */,
				2995F1F02728D5B60000D90D /* SectionModel.m in Sources */,
				29946076272A379C009853CE /* HomeHeaderView.m in Sources */,
				29946083272A5104009853CE /* TestVC.m in Sources */,
				2994608B272A83D2009853CE /* NavMenuModel.m in Sources */,
				2995F1DC2728095C0000D90D /* main.m in Sources */,
				2995F2202728E8460000D90D /* ImageWatermarkVC.m in Sources */,
				2995F297272907530000D90D /* UIView+KView.m in Sources */,
				2995F2BF272907620000D90D /* KRechargeWayView.m in Sources */,
				2994607D272A50D3009853CE /* TabBarRootVC.m in Sources */,
				2995F2C5272907620000D90D /* KPhotoCollectionView.m in Sources */,
				2995F2272728ED740000D90D /* NSDate+CXCategory.m in Sources */,
				2995F22C2728EDF80000D90D /* DatePickerVC.m in Sources */,
				2995F2282728ED740000D90D /* CXDatePickerView.m in Sources */,
				2995F2C2272907620000D90D /* KBottomPopView.m in Sources */,
				2995F2042728D5C50000D90D /* CollectionCell.m in Sources */,
				2995F2112728D5D50000D90D /* NavCustomView.m in Sources */,
				2995F2BC272907620000D90D /* KRechargeModel.m in Sources */,
				2995F2C3272907620000D90D /* KEvaluateView.m in Sources */,
				2995F2DA272926EE0000D90D /* BMProgressHUDVC.m in Sources */,
				2995F2032728D5C50000D90D /* VCLifeCyclePresent.m in Sources */,
				29C3864027293BC100E9933C /* SAMKeychainVC.m in Sources */,
				2995F2C6272907620000D90D /* KPhotoCell.m in Sources */,
				2995F1EC27280E8C0000D90D /* KTools.m in Sources */,
				2994607A272A3932009853CE /* HomeHeaderViewCell.m in Sources */,
				2995F21B2728D5DE0000D90D /* LeeAlertVC.m in Sources */,
				2995F2022728D5C50000D90D /* VCLifeCyclePop.m in Sources */,
				2995F2CF272907620000D90D /* KTextView.m in Sources */,
			);
			runOnlyForDeploymentPostprocessing = 0;
		};
/* End PBXSourcesBuildPhase section */

/* Begin PBXVariantGroup section */
		2995F1D22728095A0000D90D /* Main.storyboard */ = {
			isa = PBXVariantGroup;
			children = (
				2995F1D32728095A0000D90D /* Base */,
			);
			name = Main.storyboard;
			sourceTree = "<group>";
		};
		2995F1D72728095C0000D90D /* LaunchScreen.storyboard */ = {
			isa = PBXVariantGroup;
			children = (
				2995F1D82728095C0000D90D /* Base */,
			);
			name = LaunchScreen.storyboard;
			sourceTree = "<group>";
		};
/* End PBXVariantGroup section */

/* Begin XCBuildConfiguration section */
		2995F1DD2728095C0000D90D /* Debug */ = {
			isa = XCBuildConfiguration;
			buildSettings = {
				ALWAYS_SEARCH_USER_PATHS = NO;
				CLANG_ANALYZER_NONNULL = YES;
				CLANG_ANALYZER_NUMBER_OBJECT_CONVERSION = YES_AGGRESSIVE;
				CLANG_CXX_LANGUAGE_STANDARD = "gnu++14";
				CLANG_CXX_LIBRARY = "libc++";
				CLANG_ENABLE_MODULES = YES;
				CLANG_ENABLE_OBJC_ARC = YES;
				CLANG_ENABLE_OBJC_WEAK = YES;
				CLANG_WARN_BLOCK_CAPTURE_AUTORELEASING = YES;
				CLANG_WARN_BOOL_CONVERSION = YES;
				CLANG_WARN_COMMA = YES;
				CLANG_WARN_CONSTANT_CONVERSION = YES;
				CLANG_WARN_DEPRECATED_OBJC_IMPLEMENTATIONS = YES;
				CLANG_WARN_DIRECT_OBJC_ISA_USAGE = YES_ERROR;
				CLANG_WARN_DOCUMENTATION_COMMENTS = YES;
				CLANG_WARN_EMPTY_BODY = YES;
				CLANG_WARN_ENUM_CONVERSION = YES;
				CLANG_WARN_INFINITE_RECURSION = YES;
				CLANG_WARN_INT_CONVERSION = YES;
				CLANG_WARN_NON_LITERAL_NULL_CONVERSION = YES;
				CLANG_WARN_OBJC_IMPLICIT_RETAIN_SELF = YES;
				CLANG_WARN_OBJC_LITERAL_CONVERSION = YES;
				CLANG_WARN_OBJC_ROOT_CLASS = YES_ERROR;
				CLANG_WARN_QUOTED_INCLUDE_IN_FRAMEWORK_HEADER = YES;
				CLANG_WARN_RANGE_LOOP_ANALYSIS = YES;
				CLANG_WARN_STRICT_PROTOTYPES = YES;
				CLANG_WARN_SUSPICIOUS_MOVE = YES;
				CLANG_WARN_UNGUARDED_AVAILABILITY = YES_AGGRESSIVE;
				CLANG_WARN_UNREACHABLE_CODE = YES;
				CLANG_WARN__DUPLICATE_METHOD_MATCH = YES;
				COPY_PHASE_STRIP = NO;
				DEBUG_INFORMATION_FORMAT = dwarf;
				ENABLE_STRICT_OBJC_MSGSEND = YES;
				ENABLE_TESTABILITY = YES;
				GCC_C_LANGUAGE_STANDARD = gnu11;
				GCC_DYNAMIC_NO_PIC = NO;
				GCC_NO_COMMON_BLOCKS = YES;
				GCC_OPTIMIZATION_LEVEL = 0;
				GCC_PREPROCESSOR_DEFINITIONS = (
					"DEBUG=1",
					"$(inherited)",
				);
				GCC_WARN_64_TO_32_BIT_CONVERSION = YES;
				GCC_WARN_ABOUT_RETURN_TYPE = YES_ERROR;
				GCC_WARN_UNDECLARED_SELECTOR = YES;
				GCC_WARN_UNINITIALIZED_AUTOS = YES_AGGRESSIVE;
				GCC_WARN_UNUSED_FUNCTION = YES;
				GCC_WARN_UNUSED_VARIABLE = YES;
				IPHONEOS_DEPLOYMENT_TARGET = 14.5;
				MTL_ENABLE_DEBUG_INFO = INCLUDE_SOURCE;
				MTL_FAST_MATH = YES;
				ONLY_ACTIVE_ARCH = YES;
				SDKROOT = iphoneos;
			};
			name = Debug;
		};
		2995F1DE2728095C0000D90D /* Release */ = {
			isa = XCBuildConfiguration;
			buildSettings = {
				ALWAYS_SEARCH_USER_PATHS = NO;
				CLANG_ANALYZER_NONNULL = YES;
				CLANG_ANALYZER_NUMBER_OBJECT_CONVERSION = YES_AGGRESSIVE;
				CLANG_CXX_LANGUAGE_STANDARD = "gnu++14";
				CLANG_CXX_LIBRARY = "libc++";
				CLANG_ENABLE_MODULES = YES;
				CLANG_ENABLE_OBJC_ARC = YES;
				CLANG_ENABLE_OBJC_WEAK = YES;
				CLANG_WARN_BLOCK_CAPTURE_AUTORELEASING = YES;
				CLANG_WARN_BOOL_CONVERSION = YES;
				CLANG_WARN_COMMA = YES;
				CLANG_WARN_CONSTANT_CONVERSION = YES;
				CLANG_WARN_DEPRECATED_OBJC_IMPLEMENTATIONS = YES;
				CLANG_WARN_DIRECT_OBJC_ISA_USAGE = YES_ERROR;
				CLANG_WARN_DOCUMENTATION_COMMENTS = YES;
				CLANG_WARN_EMPTY_BODY = YES;
				CLANG_WARN_ENUM_CONVERSION = YES;
				CLANG_WARN_INFINITE_RECURSION = YES;
				CLANG_WARN_INT_CONVERSION = YES;
				CLANG_WARN_NON_LITERAL_NULL_CONVERSION = YES;
				CLANG_WARN_OBJC_IMPLICIT_RETAIN_SELF = YES;
				CLANG_WARN_OBJC_LITERAL_CONVERSION = YES;
				CLANG_WARN_OBJC_ROOT_CLASS = YES_ERROR;
				CLANG_WARN_QUOTED_INCLUDE_IN_FRAMEWORK_HEADER = YES;
				CLANG_WARN_RANGE_LOOP_ANALYSIS = YES;
				CLANG_WARN_STRICT_PROTOTYPES = YES;
				CLANG_WARN_SUSPICIOUS_MOVE = YES;
				CLANG_WARN_UNGUARDED_AVAILABILITY = YES_AGGRESSIVE;
				CLANG_WARN_UNREACHABLE_CODE = YES;
				CLANG_WARN__DUPLICATE_METHOD_MATCH = YES;
				COPY_PHASE_STRIP = NO;
				DEBUG_INFORMATION_FORMAT = "dwarf-with-dsym";
				ENABLE_NS_ASSERTIONS = NO;
				ENABLE_STRICT_OBJC_MSGSEND = YES;
				GCC_C_LANGUAGE_STANDARD = gnu11;
				GCC_NO_COMMON_BLOCKS = YES;
				GCC_WARN_64_TO_32_BIT_CONVERSION = YES;
				GCC_WARN_ABOUT_RETURN_TYPE = YES_ERROR;
				GCC_WARN_UNDECLARED_SELECTOR = YES;
				GCC_WARN_UNINITIALIZED_AUTOS = YES_AGGRESSIVE;
				GCC_WARN_UNUSED_FUNCTION = YES;
				GCC_WARN_UNUSED_VARIABLE = YES;
				IPHONEOS_DEPLOYMENT_TARGET = 14.5;
				MTL_ENABLE_DEBUG_INFO = NO;
				MTL_FAST_MATH = YES;
				SDKROOT = iphoneos;
				VALIDATE_PRODUCT = YES;
			};
			name = Release;
		};
		2995F1E02728095C0000D90D /* Debug */ = {
			isa = XCBuildConfiguration;
			baseConfigurationReference = 0A58ED9FFA5AD146D30D45AD /* Pods-KZOC.debug.xcconfig */;
			buildSettings = {
				ASSETCATALOG_COMPILER_APPICON_NAME = AppIcon;
				ASSETCATALOG_COMPILER_GLOBAL_ACCENT_COLOR_NAME = AccentColor;
				CODE_SIGN_STYLE = Automatic;
				DEVELOPMENT_TEAM = GDHLWE42T5;
				GCC_PREFIX_HEADER = "$(SRCROOT)/KZOC/Supporting Files/PrefixHeader.pch";
				INFOPLIST_FILE = "KZOC/Supporting Files/Info.plist";
				LD_RUNPATH_SEARCH_PATHS = (
					"$(inherited)",
					"@executable_path/Frameworks",
				);
				PRODUCT_BUNDLE_IDENTIFIER = com.kz.KZOC;
				PRODUCT_NAME = "$(TARGET_NAME)";
				TARGETED_DEVICE_FAMILY = "1,2";
			};
			name = Debug;
		};
		2995F1E12728095C0000D90D /* Release */ = {
			isa = XCBuildConfiguration;
			baseConfigurationReference = 85502B3BB602ECB193FD3C70 /* Pods-KZOC.release.xcconfig */;
			buildSettings = {
				ASSETCATALOG_COMPILER_APPICON_NAME = AppIcon;
				ASSETCATALOG_COMPILER_GLOBAL_ACCENT_COLOR_NAME = AccentColor;
				CODE_SIGN_STYLE = Automatic;
				DEVELOPMENT_TEAM = GDHLWE42T5;
				GCC_PREFIX_HEADER = "$(SRCROOT)/KZOC/Supporting Files/PrefixHeader.pch";
				INFOPLIST_FILE = "KZOC/Supporting Files/Info.plist";
				LD_RUNPATH_SEARCH_PATHS = (
					"$(inherited)",
					"@executable_path/Frameworks",
				);
				PRODUCT_BUNDLE_IDENTIFIER = com.kz.KZOC;
				PRODUCT_NAME = "$(TARGET_NAME)";
				TARGETED_DEVICE_FAMILY = "1,2";
			};
			name = Release;
		};
/* End XCBuildConfiguration section */

/* Begin XCConfigurationList section */
		2995F1C12728095A0000D90D /* Build configuration list for PBXProject "KZOC" */ = {
			isa = XCConfigurationList;
			buildConfigurations = (
				2995F1DD2728095C0000D90D /* Debug */,
				2995F1DE2728095C0000D90D /* Release */,
			);
			defaultConfigurationIsVisible = 0;
			defaultConfigurationName = Release;
		};
		2995F1DF2728095C0000D90D /* Build configuration list for PBXNativeTarget "KZOC" */ = {
			isa = XCConfigurationList;
			buildConfigurations = (
				2995F1E02728095C0000D90D /* Debug */,
				2995F1E12728095C0000D90D /* Release */,
			);
			defaultConfigurationIsVisible = 0;
			defaultConfigurationName = Release;
		};
/* End XCConfigurationList section */
	};
	rootObject = 2995F1BE2728095A0000D90D /* Project object */;
}
